// !$*UTF8*$!
{
	archiveVersion = 1;
	classes = {
	};
	objectVersion = 55;
	objects = {

/* Begin PBXBuildFile section */
		FCABD7D5288569000002A63E /* AppDelegate.swift in Sources */ = {isa = PBXBuildFile; fileRef = FCABD7D4288569000002A63E /* AppDelegate.swift */; };
		FCABD7D7288569000002A63E /* SceneDelegate.swift in Sources */ = {isa = PBXBuildFile; fileRef = FCABD7D6288569000002A63E /* SceneDelegate.swift */; };
		FCABD7DE288569010002A63E /* Assets.xcassets in Resources */ = {isa = PBXBuildFile; fileRef = FCABD7DD288569010002A63E /* Assets.xcassets */; };
		FCABD7E1288569010002A63E /* LaunchScreen.storyboard in Resources */ = {isa = PBXBuildFile; fileRef = FCABD7DF288569010002A63E /* LaunchScreen.storyboard */; };
		FCABD7E9288570A10002A63E /* Router.swift in Sources */ = {isa = PBXBuildFile; fileRef = FCABD7E8288570A10002A63E /* Router.swift */; };
		FCABD7EC288570E30002A63E /* LandingView.swift in Sources */ = {isa = PBXBuildFile; fileRef = FCABD7EB288570E30002A63E /* LandingView.swift */; };
		FCABD7EE288570EA0002A63E /* LandingViewModel.swift in Sources */ = {isa = PBXBuildFile; fileRef = FCABD7ED288570EA0002A63E /* LandingViewModel.swift */; };
		FCABD7F0288571050002A63E /* RoutesFactory.swift in Sources */ = {isa = PBXBuildFile; fileRef = FCABD7EF288571050002A63E /* RoutesFactory.swift */; };
		FCABD7F2288571320002A63E /* ViewModel.swift in Sources */ = {isa = PBXBuildFile; fileRef = FCABD7F1288571320002A63E /* ViewModel.swift */; };
		FCABD7F4288571950002A63E /* RootNavigationView.swift in Sources */ = {isa = PBXBuildFile; fileRef = FCABD7F3288571950002A63E /* RootNavigationView.swift */; };
		FCABD7F7288571AB0002A63E /* Introspect in Frameworks */ = {isa = PBXBuildFile; productRef = FCABD7F6288571AB0002A63E /* Introspect */; };
		FCABD7FF288580DE0002A63E /* Alamofire in Frameworks */ = {isa = PBXBuildFile; productRef = FCABD7FE288580DE0002A63E /* Alamofire */; };
		FCABD802288580EC0002A63E /* AlamofireImage in Frameworks */ = {isa = PBXBuildFile; productRef = FCABD801288580EC0002A63E /* AlamofireImage */; };
		FCABD805288581060002A63E /* SwiftMessages in Frameworks */ = {isa = PBXBuildFile; productRef = FCABD804288581060002A63E /* SwiftMessages */; };
		FCABD807288581410002A63E /* NavBarHiddenView.swift in Sources */ = {isa = PBXBuildFile; fileRef = FCABD806288581410002A63E /* NavBarHiddenView.swift */; };
		FCABD809288581630002A63E /* NavBarConfigurableView.swift in Sources */ = {isa = PBXBuildFile; fileRef = FCABD808288581630002A63E /* NavBarConfigurableView.swift */; };
		FCABD80D288581BF0002A63E /* Constants.swift in Sources */ = {isa = PBXBuildFile; fileRef = FCABD80C288581BF0002A63E /* Constants.swift */; };
		FCABD80F288582540002A63E /* UIColor + Colors.swift in Sources */ = {isa = PBXBuildFile; fileRef = FCABD80E288582540002A63E /* UIColor + Colors.swift */; };
		FCABD812288583100002A63E /* Data.swift in Sources */ = {isa = PBXBuildFile; fileRef = FCABD811288583100002A63E /* Data.swift */; };
		FCABD814288583160002A63E /* Encodable.swift in Sources */ = {isa = PBXBuildFile; fileRef = FCABD813288583160002A63E /* Encodable.swift */; };
		FCABD816288583190002A63E /* File.swift in Sources */ = {isa = PBXBuildFile; fileRef = FCABD815288583190002A63E /* File.swift */; };
		FCABD81E288583B80002A63E /* WeakObject.swift in Sources */ = {isa = PBXBuildFile; fileRef = FCABD81D288583B80002A63E /* WeakObject.swift */; };
		FCABD820288583CC0002A63E /* AssetLoadable.swift in Sources */ = {isa = PBXBuildFile; fileRef = FCABD81F288583CC0002A63E /* AssetLoadable.swift */; };
		FCABD822288583DE0002A63E /* AssetLoader.swift in Sources */ = {isa = PBXBuildFile; fileRef = FCABD821288583DE0002A63E /* AssetLoader.swift */; };
		FCABD824288583ED0002A63E /* ImageLoader.swift in Sources */ = {isa = PBXBuildFile; fileRef = FCABD823288583ED0002A63E /* ImageLoader.swift */; };
		FCABD826288584070002A63E /* UserDefaults.swift in Sources */ = {isa = PBXBuildFile; fileRef = FCABD825288584070002A63E /* UserDefaults.swift */; };
		FCABD828288584260002A63E /* RefreshTokenMechanismDataProvider.swift in Sources */ = {isa = PBXBuildFile; fileRef = FCABD827288584260002A63E /* RefreshTokenMechanismDataProvider.swift */; };
		FCABD82A288584400002A63E /* RefreshTokenProvider.swift in Sources */ = {isa = PBXBuildFile; fileRef = FCABD829288584400002A63E /* RefreshTokenProvider.swift */; };
		FCABD82C288584560002A63E /* RefreshTokenRequest.swift in Sources */ = {isa = PBXBuildFile; fileRef = FCABD82B288584560002A63E /* RefreshTokenRequest.swift */; };
		FCABD82E288584650002A63E /* RefreshTokenResponse.swift in Sources */ = {isa = PBXBuildFile; fileRef = FCABD82D288584650002A63E /* RefreshTokenResponse.swift */; };
		FCABD830288584770002A63E /* NetworkingInterceptor.swift in Sources */ = {isa = PBXBuildFile; fileRef = FCABD82F288584770002A63E /* NetworkingInterceptor.swift */; };
		FCABD832288584890002A63E /* ApiRequest.swift in Sources */ = {isa = PBXBuildFile; fileRef = FCABD831288584890002A63E /* ApiRequest.swift */; };
		FCABD834288584940002A63E /* ApiMethod.swift in Sources */ = {isa = PBXBuildFile; fileRef = FCABD833288584940002A63E /* ApiMethod.swift */; };
		FCABD836288584A10002A63E /* Response.swift in Sources */ = {isa = PBXBuildFile; fileRef = FCABD835288584A10002A63E /* Response.swift */; };
		FCABD838288584B70002A63E /* ApiError.swift in Sources */ = {isa = PBXBuildFile; fileRef = FCABD837288584B70002A63E /* ApiError.swift */; };
		FCABD83A288584DD0002A63E /* RequestData.swift in Sources */ = {isa = PBXBuildFile; fileRef = FCABD839288584DD0002A63E /* RequestData.swift */; };
		FCABD83C288584F80002A63E /* BaseRequest.swift in Sources */ = {isa = PBXBuildFile; fileRef = FCABD83B288584F80002A63E /* BaseRequest.swift */; };
		FCABD83E288585090002A63E /* UploadRequestData.swift in Sources */ = {isa = PBXBuildFile; fileRef = FCABD83D288585090002A63E /* UploadRequestData.swift */; };
		FCABD840288585270002A63E /* Networking.swift in Sources */ = {isa = PBXBuildFile; fileRef = FCABD83F288585270002A63E /* Networking.swift */; };
		FCABD842288585350002A63E /* AlamofireNetworking.swift in Sources */ = {isa = PBXBuildFile; fileRef = FCABD841288585350002A63E /* AlamofireNetworking.swift */; };
		FCABD8442885854D0002A63E /* JWTRequest.swift in Sources */ = {isa = PBXBuildFile; fileRef = FCABD8432885854D0002A63E /* JWTRequest.swift */; };
		FCABD846288585610002A63E /* AppUserDefaults.swift in Sources */ = {isa = PBXBuildFile; fileRef = FCABD845288585610002A63E /* AppUserDefaults.swift */; };
		FCABD84C288590190002A63E /* LoginView.swift in Sources */ = {isa = PBXBuildFile; fileRef = FCABD84B288590190002A63E /* LoginView.swift */; };
		FCABD84E288590200002A63E /* LoginViewModel.swift in Sources */ = {isa = PBXBuildFile; fileRef = FCABD84D288590200002A63E /* LoginViewModel.swift */; };
		FCABD85028859AF80002A63E /* ImageTextField.swift in Sources */ = {isa = PBXBuildFile; fileRef = FCABD84F28859AF80002A63E /* ImageTextField.swift */; };
		FCABD8532885B4D70002A63E /* RegisterView.swift in Sources */ = {isa = PBXBuildFile; fileRef = FCABD8522885B4D70002A63E /* RegisterView.swift */; };
		FCABD8552885B4DF0002A63E /* RegisterViewModel.swift in Sources */ = {isa = PBXBuildFile; fileRef = FCABD8542885B4DF0002A63E /* RegisterViewModel.swift */; };
/* End PBXBuildFile section */

/* Begin PBXFileReference section */
		FCABD7D1288569000002A63E /* PWC.app */ = {isa = PBXFileReference; explicitFileType = wrapper.application; includeInIndex = 0; path = PWC.app; sourceTree = BUILT_PRODUCTS_DIR; };
		FCABD7D4288569000002A63E /* AppDelegate.swift */ = {isa = PBXFileReference; lastKnownFileType = sourcecode.swift; path = AppDelegate.swift; sourceTree = "<group>"; };
		FCABD7D6288569000002A63E /* SceneDelegate.swift */ = {isa = PBXFileReference; lastKnownFileType = sourcecode.swift; path = SceneDelegate.swift; sourceTree = "<group>"; };
		FCABD7DD288569010002A63E /* Assets.xcassets */ = {isa = PBXFileReference; lastKnownFileType = folder.assetcatalog; path = Assets.xcassets; sourceTree = "<group>"; };
		FCABD7E0288569010002A63E /* Base */ = {isa = PBXFileReference; lastKnownFileType = file.storyboard; name = Base; path = Base.lproj/LaunchScreen.storyboard; sourceTree = "<group>"; };
		FCABD7E2288569010002A63E /* Info.plist */ = {isa = PBXFileReference; lastKnownFileType = text.plist.xml; path = Info.plist; sourceTree = "<group>"; };
		FCABD7E8288570A10002A63E /* Router.swift */ = {isa = PBXFileReference; lastKnownFileType = sourcecode.swift; path = Router.swift; sourceTree = "<group>"; };
		FCABD7EB288570E30002A63E /* LandingView.swift */ = {isa = PBXFileReference; lastKnownFileType = sourcecode.swift; path = LandingView.swift; sourceTree = "<group>"; };
		FCABD7ED288570EA0002A63E /* LandingViewModel.swift */ = {isa = PBXFileReference; lastKnownFileType = sourcecode.swift; path = LandingViewModel.swift; sourceTree = "<group>"; };
		FCABD7EF288571050002A63E /* RoutesFactory.swift */ = {isa = PBXFileReference; lastKnownFileType = sourcecode.swift; path = RoutesFactory.swift; sourceTree = "<group>"; };
		FCABD7F1288571320002A63E /* ViewModel.swift */ = {isa = PBXFileReference; lastKnownFileType = sourcecode.swift; path = ViewModel.swift; sourceTree = "<group>"; };
		FCABD7F3288571950002A63E /* RootNavigationView.swift */ = {isa = PBXFileReference; lastKnownFileType = sourcecode.swift; path = RootNavigationView.swift; sourceTree = "<group>"; };
		FCABD806288581410002A63E /* NavBarHiddenView.swift */ = {isa = PBXFileReference; lastKnownFileType = sourcecode.swift; path = NavBarHiddenView.swift; sourceTree = "<group>"; };
		FCABD808288581630002A63E /* NavBarConfigurableView.swift */ = {isa = PBXFileReference; lastKnownFileType = sourcecode.swift; path = NavBarConfigurableView.swift; sourceTree = "<group>"; };
		FCABD80C288581BF0002A63E /* Constants.swift */ = {isa = PBXFileReference; lastKnownFileType = sourcecode.swift; path = Constants.swift; sourceTree = "<group>"; };
		FCABD80E288582540002A63E /* UIColor + Colors.swift */ = {isa = PBXFileReference; lastKnownFileType = sourcecode.swift; path = "UIColor + Colors.swift"; sourceTree = "<group>"; };
		FCABD811288583100002A63E /* Data.swift */ = {isa = PBXFileReference; lastKnownFileType = sourcecode.swift; path = Data.swift; sourceTree = "<group>"; };
		FCABD813288583160002A63E /* Encodable.swift */ = {isa = PBXFileReference; lastKnownFileType = sourcecode.swift; path = Encodable.swift; sourceTree = "<group>"; };
		FCABD815288583190002A63E /* File.swift */ = {isa = PBXFileReference; lastKnownFileType = sourcecode.swift; path = File.swift; sourceTree = "<group>"; };
		FCABD81D288583B80002A63E /* WeakObject.swift */ = {isa = PBXFileReference; lastKnownFileType = sourcecode.swift; path = WeakObject.swift; sourceTree = "<group>"; };
		FCABD81F288583CC0002A63E /* AssetLoadable.swift */ = {isa = PBXFileReference; lastKnownFileType = sourcecode.swift; path = AssetLoadable.swift; sourceTree = "<group>"; };
		FCABD821288583DE0002A63E /* AssetLoader.swift */ = {isa = PBXFileReference; lastKnownFileType = sourcecode.swift; path = AssetLoader.swift; sourceTree = "<group>"; };
		FCABD823288583ED0002A63E /* ImageLoader.swift */ = {isa = PBXFileReference; lastKnownFileType = sourcecode.swift; path = ImageLoader.swift; sourceTree = "<group>"; };
		FCABD825288584070002A63E /* UserDefaults.swift */ = {isa = PBXFileReference; lastKnownFileType = sourcecode.swift; path = UserDefaults.swift; sourceTree = "<group>"; };
		FCABD827288584260002A63E /* RefreshTokenMechanismDataProvider.swift */ = {isa = PBXFileReference; lastKnownFileType = sourcecode.swift; path = RefreshTokenMechanismDataProvider.swift; sourceTree = "<group>"; };
		FCABD829288584400002A63E /* RefreshTokenProvider.swift */ = {isa = PBXFileReference; lastKnownFileType = sourcecode.swift; path = RefreshTokenProvider.swift; sourceTree = "<group>"; };
		FCABD82B288584560002A63E /* RefreshTokenRequest.swift */ = {isa = PBXFileReference; lastKnownFileType = sourcecode.swift; path = RefreshTokenRequest.swift; sourceTree = "<group>"; };
		FCABD82D288584650002A63E /* RefreshTokenResponse.swift */ = {isa = PBXFileReference; lastKnownFileType = sourcecode.swift; path = RefreshTokenResponse.swift; sourceTree = "<group>"; };
		FCABD82F288584770002A63E /* NetworkingInterceptor.swift */ = {isa = PBXFileReference; lastKnownFileType = sourcecode.swift; path = NetworkingInterceptor.swift; sourceTree = "<group>"; };
		FCABD831288584890002A63E /* ApiRequest.swift */ = {isa = PBXFileReference; lastKnownFileType = sourcecode.swift; path = ApiRequest.swift; sourceTree = "<group>"; };
		FCABD833288584940002A63E /* ApiMethod.swift */ = {isa = PBXFileReference; lastKnownFileType = sourcecode.swift; path = ApiMethod.swift; sourceTree = "<group>"; };
		FCABD835288584A10002A63E /* Response.swift */ = {isa = PBXFileReference; lastKnownFileType = sourcecode.swift; path = Response.swift; sourceTree = "<group>"; };
		FCABD837288584B70002A63E /* ApiError.swift */ = {isa = PBXFileReference; lastKnownFileType = sourcecode.swift; path = ApiError.swift; sourceTree = "<group>"; };
		FCABD839288584DD0002A63E /* RequestData.swift */ = {isa = PBXFileReference; lastKnownFileType = sourcecode.swift; path = RequestData.swift; sourceTree = "<group>"; };
		FCABD83B288584F80002A63E /* BaseRequest.swift */ = {isa = PBXFileReference; lastKnownFileType = sourcecode.swift; path = BaseRequest.swift; sourceTree = "<group>"; };
		FCABD83D288585090002A63E /* UploadRequestData.swift */ = {isa = PBXFileReference; lastKnownFileType = sourcecode.swift; path = UploadRequestData.swift; sourceTree = "<group>"; };
		FCABD83F288585270002A63E /* Networking.swift */ = {isa = PBXFileReference; lastKnownFileType = sourcecode.swift; path = Networking.swift; sourceTree = "<group>"; };
		FCABD841288585350002A63E /* AlamofireNetworking.swift */ = {isa = PBXFileReference; lastKnownFileType = sourcecode.swift; path = AlamofireNetworking.swift; sourceTree = "<group>"; };
		FCABD8432885854D0002A63E /* JWTRequest.swift */ = {isa = PBXFileReference; lastKnownFileType = sourcecode.swift; path = JWTRequest.swift; sourceTree = "<group>"; };
		FCABD845288585610002A63E /* AppUserDefaults.swift */ = {isa = PBXFileReference; lastKnownFileType = sourcecode.swift; path = AppUserDefaults.swift; sourceTree = "<group>"; };
		FCABD84B288590190002A63E /* LoginView.swift */ = {isa = PBXFileReference; lastKnownFileType = sourcecode.swift; path = LoginView.swift; sourceTree = "<group>"; };
		FCABD84D288590200002A63E /* LoginViewModel.swift */ = {isa = PBXFileReference; lastKnownFileType = sourcecode.swift; path = LoginViewModel.swift; sourceTree = "<group>"; };
		FCABD84F28859AF80002A63E /* ImageTextField.swift */ = {isa = PBXFileReference; lastKnownFileType = sourcecode.swift; path = ImageTextField.swift; sourceTree = "<group>"; };
		FCABD8522885B4D70002A63E /* RegisterView.swift */ = {isa = PBXFileReference; lastKnownFileType = sourcecode.swift; path = RegisterView.swift; sourceTree = "<group>"; };
		FCABD8542885B4DF0002A63E /* RegisterViewModel.swift */ = {isa = PBXFileReference; lastKnownFileType = sourcecode.swift; path = RegisterViewModel.swift; sourceTree = "<group>"; };
/* End PBXFileReference section */

/* Begin PBXFrameworksBuildPhase section */
		FCABD7CE288569000002A63E /* Frameworks */ = {
			isa = PBXFrameworksBuildPhase;
			buildActionMask = 2147483647;
			files = (
				FCABD7F7288571AB0002A63E /* Introspect in Frameworks */,
				FCABD7FF288580DE0002A63E /* Alamofire in Frameworks */,
				FCABD805288581060002A63E /* SwiftMessages in Frameworks */,
				FCABD802288580EC0002A63E /* AlamofireImage in Frameworks */,
			);
			runOnlyForDeploymentPostprocessing = 0;
		};
/* End PBXFrameworksBuildPhase section */

/* Begin PBXGroup section */
		FCABD7C8288569000002A63E = {
			isa = PBXGroup;
			children = (
				FCABD7D3288569000002A63E /* PWC */,
				FCABD7D2288569000002A63E /* Products */,
			);
			sourceTree = "<group>";
		};
		FCABD7D2288569000002A63E /* Products */ = {
			isa = PBXGroup;
			children = (
				FCABD7D1288569000002A63E /* PWC.app */,
			);
			name = Products;
			sourceTree = "<group>";
		};
		FCABD7D3288569000002A63E /* PWC */ = {
			isa = PBXGroup;
			children = (
				FCABD7D4288569000002A63E /* AppDelegate.swift */,
				FCABD7D6288569000002A63E /* SceneDelegate.swift */,
				FCABD7DD288569010002A63E /* Assets.xcassets */,
				FCABD7DF288569010002A63E /* LaunchScreen.storyboard */,
				FCABD7E2288569010002A63E /* Info.plist */,
				FCABD7FC288580800002A63E /* Networking */,
				FCABD7EA288570D60002A63E /* AppFlow */,
				FCABD7FB288580760002A63E /* UIReusable */,
				FCABD7FA288580710002A63E /* Utils */,
				FCABD7F92885806C0002A63E /* Model */,
				FCABD7F8288580560002A63E /* Navigation */,
			);
			path = PWC;
			sourceTree = "<group>";
		};
		FCABD7EA288570D60002A63E /* AppFlow */ = {
			isa = PBXGroup;
			children = (
				FCABD8512885B4CD0002A63E /* Register */,
				FCABD848288590010002A63E /* Login */,
				FCABD84728858FF90002A63E /* Landing */,
			);
			path = AppFlow;
			sourceTree = "<group>";
		};
		FCABD7F8288580560002A63E /* Navigation */ = {
			isa = PBXGroup;
			children = (
				FCABD7E8288570A10002A63E /* Router.swift */,
				FCABD7F3288571950002A63E /* RootNavigationView.swift */,
				FCABD7EF288571050002A63E /* RoutesFactory.swift */,
			);
			path = Navigation;
			sourceTree = "<group>";
		};
		FCABD7F92885806C0002A63E /* Model */ = {
			isa = PBXGroup;
			children = (
				FCABD7F1288571320002A63E /* ViewModel.swift */,
			);
			path = Model;
			sourceTree = "<group>";
		};
		FCABD7FA288580710002A63E /* Utils */ = {
			isa = PBXGroup;
			children = (
				FCABD80C288581BF0002A63E /* Constants.swift */,
				FCABD80E288582540002A63E /* UIColor + Colors.swift */,
			);
			path = Utils;
			sourceTree = "<group>";
		};
		FCABD7FB288580760002A63E /* UIReusable */ = {
			isa = PBXGroup;
			children = (
				FCABD808288581630002A63E /* NavBarConfigurableView.swift */,
				FCABD806288581410002A63E /* NavBarHiddenView.swift */,
				FCABD84F28859AF80002A63E /* ImageTextField.swift */,
			);
			path = UIReusable;
			sourceTree = "<group>";
		};
		FCABD7FC288580800002A63E /* Networking */ = {
			isa = PBXGroup;
			children = (
				FCABD810288583080002A63E /* Utils */,
				FCABD8172885834E0002A63E /* WeakObject */,
				FCABD818288583560002A63E /* ImageLoader */,
				FCABD8192885835C0002A63E /* Extensions */,
				FCABD81B2885836A0002A63E /* RefreshToken */,
				FCABD81A288583630002A63E /* Interceptor */,
				FCABD81C288583780002A63E /* Models */,
				FCABD83F288585270002A63E /* Networking.swift */,
				FCABD841288585350002A63E /* AlamofireNetworking.swift */,
				FCABD8432885854D0002A63E /* JWTRequest.swift */,
				FCABD845288585610002A63E /* AppUserDefaults.swift */,
			);
			path = Networking;
			sourceTree = "<group>";
		};
		FCABD810288583080002A63E /* Utils */ = {
			isa = PBXGroup;
			children = (
				FCABD811288583100002A63E /* Data.swift */,
				FCABD813288583160002A63E /* Encodable.swift */,
				FCABD815288583190002A63E /* File.swift */,
			);
			path = Utils;
			sourceTree = "<group>";
		};
		FCABD8172885834E0002A63E /* WeakObject */ = {
			isa = PBXGroup;
			children = (
				FCABD81D288583B80002A63E /* WeakObject.swift */,
			);
			path = WeakObject;
			sourceTree = "<group>";
		};
		FCABD818288583560002A63E /* ImageLoader */ = {
			isa = PBXGroup;
			children = (
				FCABD81F288583CC0002A63E /* AssetLoadable.swift */,
				FCABD821288583DE0002A63E /* AssetLoader.swift */,
				FCABD823288583ED0002A63E /* ImageLoader.swift */,
			);
			path = ImageLoader;
			sourceTree = "<group>";
		};
		FCABD8192885835C0002A63E /* Extensions */ = {
			isa = PBXGroup;
			children = (
				FCABD825288584070002A63E /* UserDefaults.swift */,
			);
			path = Extensions;
			sourceTree = "<group>";
		};
		FCABD81A288583630002A63E /* Interceptor */ = {
			isa = PBXGroup;
			children = (
				FCABD82F288584770002A63E /* NetworkingInterceptor.swift */,
			);
			path = Interceptor;
			sourceTree = "<group>";
		};
		FCABD81B2885836A0002A63E /* RefreshToken */ = {
			isa = PBXGroup;
			children = (
				FCABD827288584260002A63E /* RefreshTokenMechanismDataProvider.swift */,
				FCABD829288584400002A63E /* RefreshTokenProvider.swift */,
				FCABD82B288584560002A63E /* RefreshTokenRequest.swift */,
				FCABD82D288584650002A63E /* RefreshTokenResponse.swift */,
			);
			path = RefreshToken;
			sourceTree = "<group>";
		};
		FCABD81C288583780002A63E /* Models */ = {
			isa = PBXGroup;
			children = (
				FCABD831288584890002A63E /* ApiRequest.swift */,
				FCABD833288584940002A63E /* ApiMethod.swift */,
				FCABD835288584A10002A63E /* Response.swift */,
				FCABD837288584B70002A63E /* ApiError.swift */,
				FCABD839288584DD0002A63E /* RequestData.swift */,
				FCABD83B288584F80002A63E /* BaseRequest.swift */,
				FCABD83D288585090002A63E /* UploadRequestData.swift */,
			);
			path = Models;
			sourceTree = "<group>";
		};
		FCABD84728858FF90002A63E /* Landing */ = {
			isa = PBXGroup;
			children = (
				FCABD7EB288570E30002A63E /* LandingView.swift */,
				FCABD7ED288570EA0002A63E /* LandingViewModel.swift */,
			);
			path = Landing;
			sourceTree = "<group>";
		};
		FCABD848288590010002A63E /* Login */ = {
			isa = PBXGroup;
			children = (
				FCABD84B288590190002A63E /* LoginView.swift */,
				FCABD84D288590200002A63E /* LoginViewModel.swift */,
			);
			path = Login;
			sourceTree = "<group>";
		};
		FCABD8512885B4CD0002A63E /* Register */ = {
			isa = PBXGroup;
			children = (
				FCABD8522885B4D70002A63E /* RegisterView.swift */,
				FCABD8542885B4DF0002A63E /* RegisterViewModel.swift */,
			);
			path = Register;
			sourceTree = "<group>";
		};
/* End PBXGroup section */

/* Begin PBXNativeTarget section */
		FCABD7D0288569000002A63E /* PWC */ = {
			isa = PBXNativeTarget;
			buildConfigurationList = FCABD7E5288569010002A63E /* Build configuration list for PBXNativeTarget "PWC" */;
			buildPhases = (
				FCABD7CD288569000002A63E /* Sources */,
				FCABD7CE288569000002A63E /* Frameworks */,
				FCABD7CF288569000002A63E /* Resources */,
			);
			buildRules = (
			);
			dependencies = (
			);
			name = PWC;
			packageProductDependencies = (
				FCABD7F6288571AB0002A63E /* Introspect */,
				FCABD7FE288580DE0002A63E /* Alamofire */,
				FCABD801288580EC0002A63E /* AlamofireImage */,
				FCABD804288581060002A63E /* SwiftMessages */,
			);
			productName = PWC;
			productReference = FCABD7D1288569000002A63E /* PWC.app */;
			productType = "com.apple.product-type.application";
		};
/* End PBXNativeTarget section */

/* Begin PBXProject section */
		FCABD7C9288569000002A63E /* Project object */ = {
			isa = PBXProject;
			attributes = {
				BuildIndependentTargetsInParallel = 1;
				LastSwiftUpdateCheck = 1340;
				LastUpgradeCheck = 1340;
				TargetAttributes = {
					FCABD7D0288569000002A63E = {
						CreatedOnToolsVersion = 13.4.1;
					};
				};
			};
			buildConfigurationList = FCABD7CC288569000002A63E /* Build configuration list for PBXProject "PWC" */;
			compatibilityVersion = "Xcode 13.0";
			developmentRegion = en;
			hasScannedForEncodings = 0;
			knownRegions = (
				en,
				Base,
			);
			mainGroup = FCABD7C8288569000002A63E;
			packageReferences = (
				FCABD7F5288571AB0002A63E /* XCRemoteSwiftPackageReference "SwiftUI-Introspect" */,
				FCABD7FD288580DE0002A63E /* XCRemoteSwiftPackageReference "Alamofire" */,
				FCABD800288580EC0002A63E /* XCRemoteSwiftPackageReference "AlamofireImage" */,
				FCABD803288581060002A63E /* XCRemoteSwiftPackageReference "SwiftMessages" */,
			);
			productRefGroup = FCABD7D2288569000002A63E /* Products */;
			projectDirPath = "";
			projectRoot = "";
			targets = (
				FCABD7D0288569000002A63E /* PWC */,
			);
		};
/* End PBXProject section */

/* Begin PBXResourcesBuildPhase section */
		FCABD7CF288569000002A63E /* Resources */ = {
			isa = PBXResourcesBuildPhase;
			buildActionMask = 2147483647;
			files = (
				FCABD7E1288569010002A63E /* LaunchScreen.storyboard in Resources */,
				FCABD7DE288569010002A63E /* Assets.xcassets in Resources */,
			);
			runOnlyForDeploymentPostprocessing = 0;
		};
/* End PBXResourcesBuildPhase section */

/* Begin PBXSourcesBuildPhase section */
		FCABD7CD288569000002A63E /* Sources */ = {
			isa = PBXSourcesBuildPhase;
			buildActionMask = 2147483647;
			files = (
				FCABD832288584890002A63E /* ApiRequest.swift in Sources */,
				FCABD82C288584560002A63E /* RefreshTokenRequest.swift in Sources */,
				FCABD834288584940002A63E /* ApiMethod.swift in Sources */,
				FCABD82A288584400002A63E /* RefreshTokenProvider.swift in Sources */,
				FCABD846288585610002A63E /* AppUserDefaults.swift in Sources */,
				FCABD842288585350002A63E /* AlamofireNetworking.swift in Sources */,
				FCABD83C288584F80002A63E /* BaseRequest.swift in Sources */,
				FCABD85028859AF80002A63E /* ImageTextField.swift in Sources */,
				FCABD828288584260002A63E /* RefreshTokenMechanismDataProvider.swift in Sources */,
				FCABD7E9288570A10002A63E /* Router.swift in Sources */,
				FCABD814288583160002A63E /* Encodable.swift in Sources */,
				FCABD7EC288570E30002A63E /* LandingView.swift in Sources */,
				FCABD7F0288571050002A63E /* RoutesFactory.swift in Sources */,
				FCABD830288584770002A63E /* NetworkingInterceptor.swift in Sources */,
				FCABD84C288590190002A63E /* LoginView.swift in Sources */,
				FCABD7F4288571950002A63E /* RootNavigationView.swift in Sources */,
				FCABD8552885B4DF0002A63E /* RegisterViewModel.swift in Sources */,
				FCABD840288585270002A63E /* Networking.swift in Sources */,
				FCABD807288581410002A63E /* NavBarHiddenView.swift in Sources */,
				FCABD7D5288569000002A63E /* AppDelegate.swift in Sources */,
				FCABD7EE288570EA0002A63E /* LandingViewModel.swift in Sources */,
				FCABD7F2288571320002A63E /* ViewModel.swift in Sources */,
				FCABD8532885B4D70002A63E /* RegisterView.swift in Sources */,
				FCABD82E288584650002A63E /* RefreshTokenResponse.swift in Sources */,
				FCABD838288584B70002A63E /* ApiError.swift in Sources */,
				FCABD824288583ED0002A63E /* ImageLoader.swift in Sources */,
				FCABD822288583DE0002A63E /* AssetLoader.swift in Sources */,
				FCABD816288583190002A63E /* File.swift in Sources */,
				FCABD81E288583B80002A63E /* WeakObject.swift in Sources */,
				FCABD83A288584DD0002A63E /* RequestData.swift in Sources */,
				FCABD836288584A10002A63E /* Response.swift in Sources */,
				FCABD812288583100002A63E /* Data.swift in Sources */,
				FCABD7D7288569000002A63E /* SceneDelegate.swift in Sources */,
				FCABD83E288585090002A63E /* UploadRequestData.swift in Sources */,
				FCABD8442885854D0002A63E /* JWTRequest.swift in Sources */,
				FCABD809288581630002A63E /* NavBarConfigurableView.swift in Sources */,
				FCABD826288584070002A63E /* UserDefaults.swift in Sources */,
				FCABD80D288581BF0002A63E /* Constants.swift in Sources */,
				FCABD820288583CC0002A63E /* AssetLoadable.swift in Sources */,
				FCABD84E288590200002A63E /* LoginViewModel.swift in Sources */,
				FCABD80F288582540002A63E /* UIColor + Colors.swift in Sources */,
			);
			runOnlyForDeploymentPostprocessing = 0;
		};
/* End PBXSourcesBuildPhase section */

/* Begin PBXVariantGroup section */
		FCABD7DF288569010002A63E /* LaunchScreen.storyboard */ = {
			isa = PBXVariantGroup;
			children = (
				FCABD7E0288569010002A63E /* Base */,
			);
			name = LaunchScreen.storyboard;
			sourceTree = "<group>";
		};
/* End PBXVariantGroup section */

/* Begin XCBuildConfiguration section */
		FCABD7E3288569010002A63E /* Debug */ = {
			isa = XCBuildConfiguration;
			buildSettings = {
				ALWAYS_SEARCH_USER_PATHS = NO;
				CLANG_ANALYZER_NONNULL = YES;
				CLANG_ANALYZER_NUMBER_OBJECT_CONVERSION = YES_AGGRESSIVE;
				CLANG_CXX_LANGUAGE_STANDARD = "gnu++17";
				CLANG_ENABLE_MODULES = YES;
				CLANG_ENABLE_OBJC_ARC = YES;
				CLANG_ENABLE_OBJC_WEAK = YES;
				CLANG_WARN_BLOCK_CAPTURE_AUTORELEASING = YES;
				CLANG_WARN_BOOL_CONVERSION = YES;
				CLANG_WARN_COMMA = YES;
				CLANG_WARN_CONSTANT_CONVERSION = YES;
				CLANG_WARN_DEPRECATED_OBJC_IMPLEMENTATIONS = YES;
				CLANG_WARN_DIRECT_OBJC_ISA_USAGE = YES_ERROR;
				CLANG_WARN_DOCUMENTATION_COMMENTS = YES;
				CLANG_WARN_EMPTY_BODY = YES;
				CLANG_WARN_ENUM_CONVERSION = YES;
				CLANG_WARN_INFINITE_RECURSION = YES;
				CLANG_WARN_INT_CONVERSION = YES;
				CLANG_WARN_NON_LITERAL_NULL_CONVERSION = YES;
				CLANG_WARN_OBJC_IMPLICIT_RETAIN_SELF = YES;
				CLANG_WARN_OBJC_LITERAL_CONVERSION = YES;
				CLANG_WARN_OBJC_ROOT_CLASS = YES_ERROR;
				CLANG_WARN_QUOTED_INCLUDE_IN_FRAMEWORK_HEADER = YES;
				CLANG_WARN_RANGE_LOOP_ANALYSIS = YES;
				CLANG_WARN_STRICT_PROTOTYPES = YES;
				CLANG_WARN_SUSPICIOUS_MOVE = YES;
				CLANG_WARN_UNGUARDED_AVAILABILITY = YES_AGGRESSIVE;
				CLANG_WARN_UNREACHABLE_CODE = YES;
				CLANG_WARN__DUPLICATE_METHOD_MATCH = YES;
				COPY_PHASE_STRIP = NO;
				DEBUG_INFORMATION_FORMAT = dwarf;
				ENABLE_STRICT_OBJC_MSGSEND = YES;
				ENABLE_TESTABILITY = YES;
				GCC_C_LANGUAGE_STANDARD = gnu11;
				GCC_DYNAMIC_NO_PIC = NO;
				GCC_NO_COMMON_BLOCKS = YES;
				GCC_OPTIMIZATION_LEVEL = 0;
				GCC_PREPROCESSOR_DEFINITIONS = (
					"DEBUG=1",
					"$(inherited)",
				);
				GCC_WARN_64_TO_32_BIT_CONVERSION = YES;
				GCC_WARN_ABOUT_RETURN_TYPE = YES_ERROR;
				GCC_WARN_UNDECLARED_SELECTOR = YES;
				GCC_WARN_UNINITIALIZED_AUTOS = YES_AGGRESSIVE;
				GCC_WARN_UNUSED_FUNCTION = YES;
				GCC_WARN_UNUSED_VARIABLE = YES;
				IPHONEOS_DEPLOYMENT_TARGET = 15.5;
				MTL_ENABLE_DEBUG_INFO = INCLUDE_SOURCE;
				MTL_FAST_MATH = YES;
				ONLY_ACTIVE_ARCH = YES;
				SDKROOT = iphoneos;
				SWIFT_ACTIVE_COMPILATION_CONDITIONS = DEBUG;
				SWIFT_OPTIMIZATION_LEVEL = "-Onone";
			};
			name = Debug;
		};
		FCABD7E4288569010002A63E /* Release */ = {
			isa = XCBuildConfiguration;
			buildSettings = {
				ALWAYS_SEARCH_USER_PATHS = NO;
				CLANG_ANALYZER_NONNULL = YES;
				CLANG_ANALYZER_NUMBER_OBJECT_CONVERSION = YES_AGGRESSIVE;
				CLANG_CXX_LANGUAGE_STANDARD = "gnu++17";
				CLANG_ENABLE_MODULES = YES;
				CLANG_ENABLE_OBJC_ARC = YES;
				CLANG_ENABLE_OBJC_WEAK = YES;
				CLANG_WARN_BLOCK_CAPTURE_AUTORELEASING = YES;
				CLANG_WARN_BOOL_CONVERSION = YES;
				CLANG_WARN_COMMA = YES;
				CLANG_WARN_CONSTANT_CONVERSION = YES;
				CLANG_WARN_DEPRECATED_OBJC_IMPLEMENTATIONS = YES;
				CLANG_WARN_DIRECT_OBJC_ISA_USAGE = YES_ERROR;
				CLANG_WARN_DOCUMENTATION_COMMENTS = YES;
				CLANG_WARN_EMPTY_BODY = YES;
				CLANG_WARN_ENUM_CONVERSION = YES;
				CLANG_WARN_INFINITE_RECURSION = YES;
				CLANG_WARN_INT_CONVERSION = YES;
				CLANG_WARN_NON_LITERAL_NULL_CONVERSION = YES;
				CLANG_WARN_OBJC_IMPLICIT_RETAIN_SELF = YES;
				CLANG_WARN_OBJC_LITERAL_CONVERSION = YES;
				CLANG_WARN_OBJC_ROOT_CLASS = YES_ERROR;
				CLANG_WARN_QUOTED_INCLUDE_IN_FRAMEWORK_HEADER = YES;
				CLANG_WARN_RANGE_LOOP_ANALYSIS = YES;
				CLANG_WARN_STRICT_PROTOTYPES = YES;
				CLANG_WARN_SUSPICIOUS_MOVE = YES;
				CLANG_WARN_UNGUARDED_AVAILABILITY = YES_AGGRESSIVE;
				CLANG_WARN_UNREACHABLE_CODE = YES;
				CLANG_WARN__DUPLICATE_METHOD_MATCH = YES;
				COPY_PHASE_STRIP = NO;
				DEBUG_INFORMATION_FORMAT = "dwarf-with-dsym";
				ENABLE_NS_ASSERTIONS = NO;
				ENABLE_STRICT_OBJC_MSGSEND = YES;
				GCC_C_LANGUAGE_STANDARD = gnu11;
				GCC_NO_COMMON_BLOCKS = YES;
				GCC_WARN_64_TO_32_BIT_CONVERSION = YES;
				GCC_WARN_ABOUT_RETURN_TYPE = YES_ERROR;
				GCC_WARN_UNDECLARED_SELECTOR = YES;
				GCC_WARN_UNINITIALIZED_AUTOS = YES_AGGRESSIVE;
				GCC_WARN_UNUSED_FUNCTION = YES;
				GCC_WARN_UNUSED_VARIABLE = YES;
				IPHONEOS_DEPLOYMENT_TARGET = 15.5;
				MTL_ENABLE_DEBUG_INFO = NO;
				MTL_FAST_MATH = YES;
				SDKROOT = iphoneos;
				SWIFT_COMPILATION_MODE = wholemodule;
				SWIFT_OPTIMIZATION_LEVEL = "-O";
				VALIDATE_PRODUCT = YES;
			};
			name = Release;
		};
		FCABD7E6288569010002A63E /* Debug */ = {
			isa = XCBuildConfiguration;
			buildSettings = {
				ASSETCATALOG_COMPILER_APPICON_NAME = AppIcon;
				ASSETCATALOG_COMPILER_GLOBAL_ACCENT_COLOR_NAME = AccentColor;
				CODE_SIGN_STYLE = Automatic;
				CURRENT_PROJECT_VERSION = 1;
				DEVELOPMENT_TEAM = 6D7DV8JKPP;
				GENERATE_INFOPLIST_FILE = YES;
				INFOPLIST_FILE = PWC/Info.plist;
				INFOPLIST_KEY_UIApplicationSupportsIndirectInputEvents = YES;
				INFOPLIST_KEY_UILaunchStoryboardName = LaunchScreen;
				INFOPLIST_KEY_UISupportedInterfaceOrientations_iPad = "UIInterfaceOrientationPortrait UIInterfaceOrientationPortraitUpsideDown UIInterfaceOrientationLandscapeLeft UIInterfaceOrientationLandscapeRight";
				INFOPLIST_KEY_UISupportedInterfaceOrientations_iPhone = "UIInterfaceOrientationPortrait UIInterfaceOrientationLandscapeLeft UIInterfaceOrientationLandscapeRight";
				LD_RUNPATH_SEARCH_PATHS = (
					"$(inherited)",
					"@executable_path/Frameworks",
				);
				MARKETING_VERSION = 1.0;
				PRODUCT_BUNDLE_IDENTIFIER = com.AndreiTanc.PWCApp;
				PRODUCT_NAME = "$(TARGET_NAME)";
				SWIFT_EMIT_LOC_STRINGS = YES;
				SWIFT_VERSION = 5.0;
				TARGETED_DEVICE_FAMILY = "1,2";
			};
			name = Debug;
		};
		FCABD7E7288569010002A63E /* Release */ = {
			isa = XCBuildConfiguration;
			buildSettings = {
				ASSETCATALOG_COMPILER_APPICON_NAME = AppIcon;
				ASSETCATALOG_COMPILER_GLOBAL_ACCENT_COLOR_NAME = AccentColor;
				CODE_SIGN_STYLE = Automatic;
				CURRENT_PROJECT_VERSION = 1;
				DEVELOPMENT_TEAM = 6D7DV8JKPP;
				GENERATE_INFOPLIST_FILE = YES;
				INFOPLIST_FILE = PWC/Info.plist;
				INFOPLIST_KEY_UIApplicationSupportsIndirectInputEvents = YES;
				INFOPLIST_KEY_UILaunchStoryboardName = LaunchScreen;
				INFOPLIST_KEY_UISupportedInterfaceOrientations_iPad = "UIInterfaceOrientationPortrait UIInterfaceOrientationPortraitUpsideDown UIInterfaceOrientationLandscapeLeft UIInterfaceOrientationLandscapeRight";
				INFOPLIST_KEY_UISupportedInterfaceOrientations_iPhone = "UIInterfaceOrientationPortrait UIInterfaceOrientationLandscapeLeft UIInterfaceOrientationLandscapeRight";
				LD_RUNPATH_SEARCH_PATHS = (
					"$(inherited)",
					"@executable_path/Frameworks",
				);
				MARKETING_VERSION = 1.0;
				PRODUCT_BUNDLE_IDENTIFIER = com.AndreiTanc.PWCApp;
				PRODUCT_NAME = "$(TARGET_NAME)";
				SWIFT_EMIT_LOC_STRINGS = YES;
				SWIFT_VERSION = 5.0;
				TARGETED_DEVICE_FAMILY = "1,2";
			};
			name = Release;
		};
/* End XCBuildConfiguration section */

/* Begin XCConfigurationList section */
		FCABD7CC288569000002A63E /* Build configuration list for PBXProject "PWC" */ = {
			isa = XCConfigurationList;
			buildConfigurations = (
				FCABD7E3288569010002A63E /* Debug */,
				FCABD7E4288569010002A63E /* Release */,
			);
			defaultConfigurationIsVisible = 0;
			defaultConfigurationName = Release;
		};
		FCABD7E5288569010002A63E /* Build configuration list for PBXNativeTarget "PWC" */ = {
			isa = XCConfigurationList;
			buildConfigurations = (
				FCABD7E6288569010002A63E /* Debug */,
				FCABD7E7288569010002A63E /* Release */,
			);
			defaultConfigurationIsVisible = 0;
			defaultConfigurationName = Release;
		};
/* End XCConfigurationList section */

/* Begin XCRemoteSwiftPackageReference section */
		FCABD7F5288571AB0002A63E /* XCRemoteSwiftPackageReference "SwiftUI-Introspect" */ = {
			isa = XCRemoteSwiftPackageReference;
			repositoryURL = "https://github.com/siteline/SwiftUI-Introspect";
			requirement = {
				branch = master;
				kind = branch;
			};
		};
		FCABD7FD288580DE0002A63E /* XCRemoteSwiftPackageReference "Alamofire" */ = {
			isa = XCRemoteSwiftPackageReference;
			repositoryURL = "https://github.com/Alamofire/Alamofire";
			requirement = {
				branch = master;
				kind = branch;
			};
		};
		FCABD800288580EC0002A63E /* XCRemoteSwiftPackageReference "AlamofireImage" */ = {
			isa = XCRemoteSwiftPackageReference;
			repositoryURL = "https://github.com/Alamofire/AlamofireImage";
			requirement = {
				branch = master;
				kind = branch;
			};
		};
		FCABD803288581060002A63E /* XCRemoteSwiftPackageReference "SwiftMessages" */ = {
			isa = XCRemoteSwiftPackageReference;
			repositoryURL = "https://github.com/SwiftKickMobile/SwiftMessages";
			requirement = {
				branch = master;
				kind = branch;
			};
		};
/* End XCRemoteSwiftPackageReference section */

/* Begin XCSwiftPackageProductDependency section */
		FCABD7F6288571AB0002A63E /* Introspect */ = {
			isa = XCSwiftPackageProductDependency;
			package = FCABD7F5288571AB0002A63E /* XCRemoteSwiftPackageReference "SwiftUI-Introspect" */;
			productName = Introspect;
		};
		FCABD7FE288580DE0002A63E /* Alamofire */ = {
			isa = XCSwiftPackageProductDependency;
			package = FCABD7FD288580DE0002A63E /* XCRemoteSwiftPackageReference "Alamofire" */;
			productName = Alamofire;
		};
		FCABD801288580EC0002A63E /* AlamofireImage */ = {
			isa = XCSwiftPackageProductDependency;
			package = FCABD800288580EC0002A63E /* XCRemoteSwiftPackageReference "AlamofireImage" */;
			productName = AlamofireImage;
		};
		FCABD804288581060002A63E /* SwiftMessages */ = {
			isa = XCSwiftPackageProductDependency;
			package = FCABD803288581060002A63E /* XCRemoteSwiftPackageReference "SwiftMessages" */;
			productName = SwiftMessages;
		};
/* End XCSwiftPackageProductDependency section */
	};
	rootObject = FCABD7C9288569000002A63E /* Project object */;
}
