// !$*UTF8*$!
{
	archiveVersion = 1;
	classes = {
	};
	objectVersion = 55;
	objects = {

/* Begin PBXBuildFile section */
		FCABD7D5288569000002A63E /* AppDelegate.swift in Sources */ = {isa = PBXBuildFile; fileRef = FCABD7D4288569000002A63E /* AppDelegate.swift */; };
		FCABD7D7288569000002A63E /* SceneDelegate.swift in Sources */ = {isa = PBXBuildFile; fileRef = FCABD7D6288569000002A63E /* SceneDelegate.swift */; };
		FCABD7DE288569010002A63E /* Assets.xcassets in Resources */ = {isa = PBXBuildFile; fileRef = FCABD7DD288569010002A63E /* Assets.xcassets */; };
		FCABD7E1288569010002A63E /* LaunchScreen.storyboard in Resources */ = {isa = PBXBuildFile; fileRef = FCABD7DF288569010002A63E /* LaunchScreen.storyboard */; };
		FCABD7E9288570A10002A63E /* Router.swift in Sources */ = {isa = PBXBuildFile; fileRef = FCABD7E8288570A10002A63E /* Router.swift */; };
		FCABD7EC288570E30002A63E /* LandingView.swift in Sources */ = {isa = PBXBuildFile; fileRef = FCABD7EB288570E30002A63E /* LandingView.swift */; };
		FCABD7EE288570EA0002A63E /* LandingViewModel.swift in Sources */ = {isa = PBXBuildFile; fileRef = FCABD7ED288570EA0002A63E /* LandingViewModel.swift */; };
		FCABD7F0288571050002A63E /* RoutesFactory.swift in Sources */ = {isa = PBXBuildFile; fileRef = FCABD7EF288571050002A63E /* RoutesFactory.swift */; };
		FCABD7F2288571320002A63E /* ViewModel.swift in Sources */ = {isa = PBXBuildFile; fileRef = FCABD7F1288571320002A63E /* ViewModel.swift */; };
		FCABD7F4288571950002A63E /* RootNavigationView.swift in Sources */ = {isa = PBXBuildFile; fileRef = FCABD7F3288571950002A63E /* RootNavigationView.swift */; };
		FCABD7F7288571AB0002A63E /* Introspect in Frameworks */ = {isa = PBXBuildFile; productRef = FCABD7F6288571AB0002A63E /* Introspect */; };
		FCABD7FF288580DE0002A63E /* Alamofire in Frameworks */ = {isa = PBXBuildFile; productRef = FCABD7FE288580DE0002A63E /* Alamofire */; };
		FCABD802288580EC0002A63E /* AlamofireImage in Frameworks */ = {isa = PBXBuildFile; productRef = FCABD801288580EC0002A63E /* AlamofireImage */; };
		FCABD805288581060002A63E /* SwiftMessages in Frameworks */ = {isa = PBXBuildFile; productRef = FCABD804288581060002A63E /* SwiftMessages */; };
		FCABD807288581410002A63E /* NavBarHiddenView.swift in Sources */ = {isa = PBXBuildFile; fileRef = FCABD806288581410002A63E /* NavBarHiddenView.swift */; };
		FCABD809288581630002A63E /* NavBarConfigurableView.swift in Sources */ = {isa = PBXBuildFile; fileRef = FCABD808288581630002A63E /* NavBarConfigurableView.swift */; };
		FCABD80D288581BF0002A63E /* Constants.swift in Sources */ = {isa = PBXBuildFile; fileRef = FCABD80C288581BF0002A63E /* Constants.swift */; };
		FCABD80F288582540002A63E /* UIColor + Colors.swift in Sources */ = {isa = PBXBuildFile; fileRef = FCABD80E288582540002A63E /* UIColor + Colors.swift */; };
/* End PBXBuildFile section */

/* Begin PBXFileReference section */
		FCABD7D1288569000002A63E /* PWC.app */ = {isa = PBXFileReference; explicitFileType = wrapper.application; includeInIndex = 0; path = PWC.app; sourceTree = BUILT_PRODUCTS_DIR; };
		FCABD7D4288569000002A63E /* AppDelegate.swift */ = {isa = PBXFileReference; lastKnownFileType = sourcecode.swift; path = AppDelegate.swift; sourceTree = "<group>"; };
		FCABD7D6288569000002A63E /* SceneDelegate.swift */ = {isa = PBXFileReference; lastKnownFileType = sourcecode.swift; path = SceneDelegate.swift; sourceTree = "<group>"; };
		FCABD7DD288569010002A63E /* Assets.xcassets */ = {isa = PBXFileReference; lastKnownFileType = folder.assetcatalog; path = Assets.xcassets; sourceTree = "<group>"; };
		FCABD7E0288569010002A63E /* Base */ = {isa = PBXFileReference; lastKnownFileType = file.storyboard; name = Base; path = Base.lproj/LaunchScreen.storyboard; sourceTree = "<group>"; };
		FCABD7E2288569010002A63E /* Info.plist */ = {isa = PBXFileReference; lastKnownFileType = text.plist.xml; path = Info.plist; sourceTree = "<group>"; };
		FCABD7E8288570A10002A63E /* Router.swift */ = {isa = PBXFileReference; lastKnownFileType = sourcecode.swift; path = Router.swift; sourceTree = "<group>"; };
		FCABD7EB288570E30002A63E /* LandingView.swift */ = {isa = PBXFileReference; lastKnownFileType = sourcecode.swift; path = LandingView.swift; sourceTree = "<group>"; };
		FCABD7ED288570EA0002A63E /* LandingViewModel.swift */ = {isa = PBXFileReference; lastKnownFileType = sourcecode.swift; path = LandingViewModel.swift; sourceTree = "<group>"; };
		FCABD7EF288571050002A63E /* RoutesFactory.swift */ = {isa = PBXFileReference; lastKnownFileType = sourcecode.swift; path = RoutesFactory.swift; sourceTree = "<group>"; };
		FCABD7F1288571320002A63E /* ViewModel.swift */ = {isa = PBXFileReference; lastKnownFileType = sourcecode.swift; path = ViewModel.swift; sourceTree = "<group>"; };
		FCABD7F3288571950002A63E /* RootNavigationView.swift */ = {isa = PBXFileReference; lastKnownFileType = sourcecode.swift; path = RootNavigationView.swift; sourceTree = "<group>"; };
		FCABD806288581410002A63E /* NavBarHiddenView.swift */ = {isa = PBXFileReference; lastKnownFileType = sourcecode.swift; path = NavBarHiddenView.swift; sourceTree = "<group>"; };
		FCABD808288581630002A63E /* NavBarConfigurableView.swift */ = {isa = PBXFileReference; lastKnownFileType = sourcecode.swift; path = NavBarConfigurableView.swift; sourceTree = "<group>"; };
		FCABD80C288581BF0002A63E /* Constants.swift */ = {isa = PBXFileReference; lastKnownFileType = sourcecode.swift; path = Constants.swift; sourceTree = "<group>"; };
		FCABD80E288582540002A63E /* UIColor + Colors.swift */ = {isa = PBXFileReference; lastKnownFileType = sourcecode.swift; path = "UIColor + Colors.swift"; sourceTree = "<group>"; };
/* End PBXFileReference section */

/* Begin PBXFrameworksBuildPhase section */
		FCABD7CE288569000002A63E /* Frameworks */ = {
			isa = PBXFrameworksBuildPhase;
			buildActionMask = 2147483647;
			files = (
				FCABD7F7288571AB0002A63E /* Introspect in Frameworks */,
				FCABD7FF288580DE0002A63E /* Alamofire in Frameworks */,
				FCABD805288581060002A63E /* SwiftMessages in Frameworks */,
				FCABD802288580EC0002A63E /* AlamofireImage in Frameworks */,
			);
			runOnlyForDeploymentPostprocessing = 0;
		};
/* End PBXFrameworksBuildPhase section */

/* Begin PBXGroup section */
		FCABD7C8288569000002A63E = {
			isa = PBXGroup;
			children = (
				FCABD7D3288569000002A63E /* PWC */,
				FCABD7D2288569000002A63E /* Products */,
			);
			sourceTree = "<group>";
		};
		FCABD7D2288569000002A63E /* Products */ = {
			isa = PBXGroup;
			children = (
				FCABD7D1288569000002A63E /* PWC.app */,
			);
			name = Products;
			sourceTree = "<group>";
		};
		FCABD7D3288569000002A63E /* PWC */ = {
			isa = PBXGroup;
			children = (
				FCABD7D4288569000002A63E /* AppDelegate.swift */,
				FCABD7D6288569000002A63E /* SceneDelegate.swift */,
				FCABD7DD288569010002A63E /* Assets.xcassets */,
				FCABD7DF288569010002A63E /* LaunchScreen.storyboard */,
				FCABD7E2288569010002A63E /* Info.plist */,
				FCABD7FC288580800002A63E /* Networking */,
				FCABD7EA288570D60002A63E /* AppFlow */,
				FCABD7FB288580760002A63E /* UIReusable */,
				FCABD7FA288580710002A63E /* Utils */,
				FCABD7F92885806C0002A63E /* Model */,
				FCABD7F8288580560002A63E /* Navigation */,
			);
			path = PWC;
			sourceTree = "<group>";
		};
		FCABD7EA288570D60002A63E /* AppFlow */ = {
			isa = PBXGroup;
			children = (
				FCABD7EB288570E30002A63E /* LandingView.swift */,
				FCABD7ED288570EA0002A63E /* LandingViewModel.swift */,
			);
			path = AppFlow;
			sourceTree = "<group>";
		};
		FCABD7F8288580560002A63E /* Navigation */ = {
			isa = PBXGroup;
			children = (
				FCABD7E8288570A10002A63E /* Router.swift */,
				FCABD7F3288571950002A63E /* RootNavigationView.swift */,
				FCABD7EF288571050002A63E /* RoutesFactory.swift */,
			);
			path = Navigation;
			sourceTree = "<group>";
		};
		FCABD7F92885806C0002A63E /* Model */ = {
			isa = PBXGroup;
			children = (
				FCABD7F1288571320002A63E /* ViewModel.swift */,
			);
			path = Model;
			sourceTree = "<group>";
		};
		FCABD7FA288580710002A63E /* Utils */ = {
			isa = PBXGroup;
			children = (
				FCABD80C288581BF0002A63E /* Constants.swift */,
				FCABD80E288582540002A63E /* UIColor + Colors.swift */,
			);
			path = Utils;
			sourceTree = "<group>";
		};
		FCABD7FB288580760002A63E /* UIReusable */ = {
			isa = PBXGroup;
			children = (
				FCABD808288581630002A63E /* NavBarConfigurableView.swift */,
				FCABD806288581410002A63E /* NavBarHiddenView.swift */,
			);
			path = UIReusable;
			sourceTree = "<group>";
		};
		FCABD7FC288580800002A63E /* Networking */ = {
			isa = PBXGroup;
			children = (
			);
			path = Networking;
			sourceTree = "<group>";
		};
/* End PBXGroup section */

/* Begin PBXNativeTarget section */
		FCABD7D0288569000002A63E /* PWC */ = {
			isa = PBXNativeTarget;
			buildConfigurationList = FCABD7E5288569010002A63E /* Build configuration list for PBXNativeTarget "PWC" */;
			buildPhases = (
				FCABD7CD288569000002A63E /* Sources */,
				FCABD7CE288569000002A63E /* Frameworks */,
				FCABD7CF288569000002A63E /* Resources */,
			);
			buildRules = (
			);
			dependencies = (
			);
			name = PWC;
			packageProductDependencies = (
				FCABD7F6288571AB0002A63E /* Introspect */,
				FCABD7FE288580DE0002A63E /* Alamofire */,
				FCABD801288580EC0002A63E /* AlamofireImage */,
				FCABD804288581060002A63E /* SwiftMessages */,
			);
			productName = PWC;
			productReference = FCABD7D1288569000002A63E /* PWC.app */;
			productType = "com.apple.product-type.application";
		};
/* End PBXNativeTarget section */

/* Begin PBXProject section */
		FCABD7C9288569000002A63E /* Project object */ = {
			isa = PBXProject;
			attributes = {
				BuildIndependentTargetsInParallel = 1;
				LastSwiftUpdateCheck = 1340;
				LastUpgradeCheck = 1340;
				TargetAttributes = {
					FCABD7D0288569000002A63E = {
						CreatedOnToolsVersion = 13.4.1;
					};
				};
			};
			buildConfigurationList = FCABD7CC288569000002A63E /* Build configuration list for PBXProject "PWC" */;
			compatibilityVersion = "Xcode 13.0";
			developmentRegion = en;
			hasScannedForEncodings = 0;
			knownRegions = (
				en,
				Base,
			);
			mainGroup = FCABD7C8288569000002A63E;
			packageReferences = (
				FCABD7F5288571AB0002A63E /* XCRemoteSwiftPackageReference "SwiftUI-Introspect" */,
				FCABD7FD288580DE0002A63E /* XCRemoteSwiftPackageReference "Alamofire" */,
				FCABD800288580EC0002A63E /* XCRemoteSwiftPackageReference "AlamofireImage" */,
				FCABD803288581060002A63E /* XCRemoteSwiftPackageReference "SwiftMessages" */,
			);
			productRefGroup = FCABD7D2288569000002A63E /* Products */;
			projectDirPath = "";
			projectRoot = "";
			targets = (
				FCABD7D0288569000002A63E /* PWC */,
			);
		};
/* End PBXProject section */

/* Begin PBXResourcesBuildPhase section */
		FCABD7CF288569000002A63E /* Resources */ = {
			isa = PBXResourcesBuildPhase;
			buildActionMask = 2147483647;
			files = (
				FCABD7E1288569010002A63E /* LaunchScreen.storyboard in Resources */,
				FCABD7DE288569010002A63E /* Assets.xcassets in Resources */,
			);
			runOnlyForDeploymentPostprocessing = 0;
		};
/* End PBXResourcesBuildPhase section */

/* Begin PBXSourcesBuildPhase section */
		FCABD7CD288569000002A63E /* Sources */ = {
			isa = PBXSourcesBuildPhase;
			buildActionMask = 2147483647;
			files = (
				FCABD7E9288570A10002A63E /* Router.swift in Sources */,
				FCABD7EC288570E30002A63E /* LandingView.swift in Sources */,
				FCABD7F0288571050002A63E /* RoutesFactory.swift in Sources */,
				FCABD7F4288571950002A63E /* RootNavigationView.swift in Sources */,
				FCABD807288581410002A63E /* NavBarHiddenView.swift in Sources */,
				FCABD7D5288569000002A63E /* AppDelegate.swift in Sources */,
				FCABD7EE288570EA0002A63E /* LandingViewModel.swift in Sources */,
				FCABD7F2288571320002A63E /* ViewModel.swift in Sources */,
				FCABD7D7288569000002A63E /* SceneDelegate.swift in Sources */,
				FCABD809288581630002A63E /* NavBarConfigurableView.swift in Sources */,
				FCABD80D288581BF0002A63E /* Constants.swift in Sources */,
				FCABD80F288582540002A63E /* UIColor + Colors.swift in Sources */,
			);
			runOnlyForDeploymentPostprocessing = 0;
		};
/* End PBXSourcesBuildPhase section */

/* Begin PBXVariantGroup section */
		FCABD7DF288569010002A63E /* LaunchScreen.storyboard */ = {
			isa = PBXVariantGroup;
			children = (
				FCABD7E0288569010002A63E /* Base */,
			);
			name = LaunchScreen.storyboard;
			sourceTree = "<group>";
		};
/* End PBXVariantGroup section */

/* Begin XCBuildConfiguration section */
		FCABD7E3288569010002A63E /* Debug */ = {
			isa = XCBuildConfiguration;
			buildSettings = {
				ALWAYS_SEARCH_USER_PATHS = NO;
				CLANG_ANALYZER_NONNULL = YES;
				CLANG_ANALYZER_NUMBER_OBJECT_CONVERSION = YES_AGGRESSIVE;
				CLANG_CXX_LANGUAGE_STANDARD = "gnu++17";
				CLANG_ENABLE_MODULES = YES;
				CLANG_ENABLE_OBJC_ARC = YES;
				CLANG_ENABLE_OBJC_WEAK = YES;
				CLANG_WARN_BLOCK_CAPTURE_AUTORELEASING = YES;
				CLANG_WARN_BOOL_CONVERSION = YES;
				CLANG_WARN_COMMA = YES;
				CLANG_WARN_CONSTANT_CONVERSION = YES;
				CLANG_WARN_DEPRECATED_OBJC_IMPLEMENTATIONS = YES;
				CLANG_WARN_DIRECT_OBJC_ISA_USAGE = YES_ERROR;
				CLANG_WARN_DOCUMENTATION_COMMENTS = YES;
				CLANG_WARN_EMPTY_BODY = YES;
				CLANG_WARN_ENUM_CONVERSION = YES;
				CLANG_WARN_INFINITE_RECURSION = YES;
				CLANG_WARN_INT_CONVERSION = YES;
				CLANG_WARN_NON_LITERAL_NULL_CONVERSION = YES;
				CLANG_WARN_OBJC_IMPLICIT_RETAIN_SELF = YES;
				CLANG_WARN_OBJC_LITERAL_CONVERSION = YES;
				CLANG_WARN_OBJC_ROOT_CLASS = YES_ERROR;
				CLANG_WARN_QUOTED_INCLUDE_IN_FRAMEWORK_HEADER = YES;
				CLANG_WARN_RANGE_LOOP_ANALYSIS = YES;
				CLANG_WARN_STRICT_PROTOTYPES = YES;
				CLANG_WARN_SUSPICIOUS_MOVE = YES;
				CLANG_WARN_UNGUARDED_AVAILABILITY = YES_AGGRESSIVE;
				CLANG_WARN_UNREACHABLE_CODE = YES;
				CLANG_WARN__DUPLICATE_METHOD_MATCH = YES;
				COPY_PHASE_STRIP = NO;
				DEBUG_INFORMATION_FORMAT = dwarf;
				ENABLE_STRICT_OBJC_MSGSEND = YES;
				ENABLE_TESTABILITY = YES;
				GCC_C_LANGUAGE_STANDARD = gnu11;
				GCC_DYNAMIC_NO_PIC = NO;
				GCC_NO_COMMON_BLOCKS = YES;
				GCC_OPTIMIZATION_LEVEL = 0;
				GCC_PREPROCESSOR_DEFINITIONS = (
					"DEBUG=1",
					"$(inherited)",
				);
				GCC_WARN_64_TO_32_BIT_CONVERSION = YES;
				GCC_WARN_ABOUT_RETURN_TYPE = YES_ERROR;
				GCC_WARN_UNDECLARED_SELECTOR = YES;
				GCC_WARN_UNINITIALIZED_AUTOS = YES_AGGRESSIVE;
				GCC_WARN_UNUSED_FUNCTION = YES;
				GCC_WARN_UNUSED_VARIABLE = YES;
				IPHONEOS_DEPLOYMENT_TARGET = 15.5;
				MTL_ENABLE_DEBUG_INFO = INCLUDE_SOURCE;
				MTL_FAST_MATH = YES;
				ONLY_ACTIVE_ARCH = YES;
				SDKROOT = iphoneos;
				SWIFT_ACTIVE_COMPILATION_CONDITIONS = DEBUG;
				SWIFT_OPTIMIZATION_LEVEL = "-Onone";
			};
			name = Debug;
		};
		FCABD7E4288569010002A63E /* Release */ = {
			isa = XCBuildConfiguration;
			buildSettings = {
				ALWAYS_SEARCH_USER_PATHS = NO;
				CLANG_ANALYZER_NONNULL = YES;
				CLANG_ANALYZER_NUMBER_OBJECT_CONVERSION = YES_AGGRESSIVE;
				CLANG_CXX_LANGUAGE_STANDARD = "gnu++17";
				CLANG_ENABLE_MODULES = YES;
				CLANG_ENABLE_OBJC_ARC = YES;
				CLANG_ENABLE_OBJC_WEAK = YES;
				CLANG_WARN_BLOCK_CAPTURE_AUTORELEASING = YES;
				CLANG_WARN_BOOL_CONVERSION = YES;
				CLANG_WARN_COMMA = YES;
				CLANG_WARN_CONSTANT_CONVERSION = YES;
				CLANG_WARN_DEPRECATED_OBJC_IMPLEMENTATIONS = YES;
				CLANG_WARN_DIRECT_OBJC_ISA_USAGE = YES_ERROR;
				CLANG_WARN_DOCUMENTATION_COMMENTS = YES;
				CLANG_WARN_EMPTY_BODY = YES;
				CLANG_WARN_ENUM_CONVERSION = YES;
				CLANG_WARN_INFINITE_RECURSION = YES;
				CLANG_WARN_INT_CONVERSION = YES;
				CLANG_WARN_NON_LITERAL_NULL_CONVERSION = YES;
				CLANG_WARN_OBJC_IMPLICIT_RETAIN_SELF = YES;
				CLANG_WARN_OBJC_LITERAL_CONVERSION = YES;
				CLANG_WARN_OBJC_ROOT_CLASS = YES_ERROR;
				CLANG_WARN_QUOTED_INCLUDE_IN_FRAMEWORK_HEADER = YES;
				CLANG_WARN_RANGE_LOOP_ANALYSIS = YES;
				CLANG_WARN_STRICT_PROTOTYPES = YES;
				CLANG_WARN_SUSPICIOUS_MOVE = YES;
				CLANG_WARN_UNGUARDED_AVAILABILITY = YES_AGGRESSIVE;
				CLANG_WARN_UNREACHABLE_CODE = YES;
				CLANG_WARN__DUPLICATE_METHOD_MATCH = YES;
				COPY_PHASE_STRIP = NO;
				DEBUG_INFORMATION_FORMAT = "dwarf-with-dsym";
				ENABLE_NS_ASSERTIONS = NO;
				ENABLE_STRICT_OBJC_MSGSEND = YES;
				GCC_C_LANGUAGE_STANDARD = gnu11;
				GCC_NO_COMMON_BLOCKS = YES;
				GCC_WARN_64_TO_32_BIT_CONVERSION = YES;
				GCC_WARN_ABOUT_RETURN_TYPE = YES_ERROR;
				GCC_WARN_UNDECLARED_SELECTOR = YES;
				GCC_WARN_UNINITIALIZED_AUTOS = YES_AGGRESSIVE;
				GCC_WARN_UNUSED_FUNCTION = YES;
				GCC_WARN_UNUSED_VARIABLE = YES;
				IPHONEOS_DEPLOYMENT_TARGET = 15.5;
				MTL_ENABLE_DEBUG_INFO = NO;
				MTL_FAST_MATH = YES;
				SDKROOT = iphoneos;
				SWIFT_COMPILATION_MODE = wholemodule;
				SWIFT_OPTIMIZATION_LEVEL = "-O";
				VALIDATE_PRODUCT = YES;
			};
			name = Release;
		};
		FCABD7E6288569010002A63E /* Debug */ = {
			isa = XCBuildConfiguration;
			buildSettings = {
				ASSETCATALOG_COMPILER_APPICON_NAME = AppIcon;
				ASSETCATALOG_COMPILER_GLOBAL_ACCENT_COLOR_NAME = AccentColor;
				CODE_SIGN_STYLE = Automatic;
				CURRENT_PROJECT_VERSION = 1;
				DEVELOPMENT_TEAM = J3LJK27C49;
				GENERATE_INFOPLIST_FILE = YES;
				INFOPLIST_FILE = PWC/Info.plist;
				INFOPLIST_KEY_UIApplicationSupportsIndirectInputEvents = YES;
				INFOPLIST_KEY_UILaunchStoryboardName = LaunchScreen;
				INFOPLIST_KEY_UISupportedInterfaceOrientations_iPad = "UIInterfaceOrientationPortrait UIInterfaceOrientationPortraitUpsideDown UIInterfaceOrientationLandscapeLeft UIInterfaceOrientationLandscapeRight";
				INFOPLIST_KEY_UISupportedInterfaceOrientations_iPhone = "UIInterfaceOrientationPortrait UIInterfaceOrientationLandscapeLeft UIInterfaceOrientationLandscapeRight";
				LD_RUNPATH_SEARCH_PATHS = (
					"$(inherited)",
					"@executable_path/Frameworks",
				);
				MARKETING_VERSION = 1.0;
				PRODUCT_BUNDLE_IDENTIFIER = com.AndreiTanc.PWC;
				PRODUCT_NAME = "$(TARGET_NAME)";
				SWIFT_EMIT_LOC_STRINGS = YES;
				SWIFT_VERSION = 5.0;
				TARGETED_DEVICE_FAMILY = "1,2";
			};
			name = Debug;
		};
		FCABD7E7288569010002A63E /* Release */ = {
			isa = XCBuildConfiguration;
			buildSettings = {
				ASSETCATALOG_COMPILER_APPICON_NAME = AppIcon;
				ASSETCATALOG_COMPILER_GLOBAL_ACCENT_COLOR_NAME = AccentColor;
				CODE_SIGN_STYLE = Automatic;
				CURRENT_PROJECT_VERSION = 1;
				DEVELOPMENT_TEAM = J3LJK27C49;
				GENERATE_INFOPLIST_FILE = YES;
				INFOPLIST_FILE = PWC/Info.plist;
				INFOPLIST_KEY_UIApplicationSupportsIndirectInputEvents = YES;
				INFOPLIST_KEY_UILaunchStoryboardName = LaunchScreen;
				INFOPLIST_KEY_UISupportedInterfaceOrientations_iPad = "UIInterfaceOrientationPortrait UIInterfaceOrientationPortraitUpsideDown UIInterfaceOrientationLandscapeLeft UIInterfaceOrientationLandscapeRight";
				INFOPLIST_KEY_UISupportedInterfaceOrientations_iPhone = "UIInterfaceOrientationPortrait UIInterfaceOrientationLandscapeLeft UIInterfaceOrientationLandscapeRight";
				LD_RUNPATH_SEARCH_PATHS = (
					"$(inherited)",
					"@executable_path/Frameworks",
				);
				MARKETING_VERSION = 1.0;
				PRODUCT_BUNDLE_IDENTIFIER = com.AndreiTanc.PWC;
				PRODUCT_NAME = "$(TARGET_NAME)";
				SWIFT_EMIT_LOC_STRINGS = YES;
				SWIFT_VERSION = 5.0;
				TARGETED_DEVICE_FAMILY = "1,2";
			};
			name = Release;
		};
/* End XCBuildConfiguration section */

/* Begin XCConfigurationList section */
		FCABD7CC288569000002A63E /* Build configuration list for PBXProject "PWC" */ = {
			isa = XCConfigurationList;
			buildConfigurations = (
				FCABD7E3288569010002A63E /* Debug */,
				FCABD7E4288569010002A63E /* Release */,
			);
			defaultConfigurationIsVisible = 0;
			defaultConfigurationName = Release;
		};
		FCABD7E5288569010002A63E /* Build configuration list for PBXNativeTarget "PWC" */ = {
			isa = XCConfigurationList;
			buildConfigurations = (
				FCABD7E6288569010002A63E /* Debug */,
				FCABD7E7288569010002A63E /* Release */,
			);
			defaultConfigurationIsVisible = 0;
			defaultConfigurationName = Release;
		};
/* End XCConfigurationList section */

/* Begin XCRemoteSwiftPackageReference section */
		FCABD7F5288571AB0002A63E /* XCRemoteSwiftPackageReference "SwiftUI-Introspect" */ = {
			isa = XCRemoteSwiftPackageReference;
			repositoryURL = "https://github.com/siteline/SwiftUI-Introspect";
			requirement = {
				branch = master;
				kind = branch;
			};
		};
		FCABD7FD288580DE0002A63E /* XCRemoteSwiftPackageReference "Alamofire" */ = {
			isa = XCRemoteSwiftPackageReference;
			repositoryURL = "https://github.com/Alamofire/Alamofire";
			requirement = {
				branch = master;
				kind = branch;
			};
		};
		FCABD800288580EC0002A63E /* XCRemoteSwiftPackageReference "AlamofireImage" */ = {
			isa = XCRemoteSwiftPackageReference;
			repositoryURL = "https://github.com/Alamofire/AlamofireImage";
			requirement = {
				branch = master;
				kind = branch;
			};
		};
		FCABD803288581060002A63E /* XCRemoteSwiftPackageReference "SwiftMessages" */ = {
			isa = XCRemoteSwiftPackageReference;
			repositoryURL = "https://github.com/SwiftKickMobile/SwiftMessages";
			requirement = {
				branch = master;
				kind = branch;
			};
		};
/* End XCRemoteSwiftPackageReference section */

/* Begin XCSwiftPackageProductDependency section */
		FCABD7F6288571AB0002A63E /* Introspect */ = {
			isa = XCSwiftPackageProductDependency;
			package = FCABD7F5288571AB0002A63E /* XCRemoteSwiftPackageReference "SwiftUI-Introspect" */;
			productName = Introspect;
		};
		FCABD7FE288580DE0002A63E /* Alamofire */ = {
			isa = XCSwiftPackageProductDependency;
			package = FCABD7FD288580DE0002A63E /* XCRemoteSwiftPackageReference "Alamofire" */;
			productName = Alamofire;
		};
		FCABD801288580EC0002A63E /* AlamofireImage */ = {
			isa = XCSwiftPackageProductDependency;
			package = FCABD800288580EC0002A63E /* XCRemoteSwiftPackageReference "AlamofireImage" */;
			productName = AlamofireImage;
		};
		FCABD804288581060002A63E /* SwiftMessages */ = {
			isa = XCSwiftPackageProductDependency;
			package = FCABD803288581060002A63E /* XCRemoteSwiftPackageReference "SwiftMessages" */;
			productName = SwiftMessages;
		};
/* End XCSwiftPackageProductDependency section */
	};
	rootObject = FCABD7C9288569000002A63E /* Project object */;
}
